
Microsoft Visual Studio Solution File, Format Version 12.00
# Visual Studio 15
VisualStudioVersion = 15.0.27130.0
MinimumVisualStudioVersion = 10.0.40219.1
Project("{9A19103F-16F7-4668-BE54-9A1E7A4F7556}") = "WebApiCore20", "WebApiCore20\WebApiCore20.csproj", "{D9BAFAF8-DEBF-4070-B05D-DF026A34A613}"
EndProject
Project("{9A19103F-16F7-4668-BE54-9A1E7A4F7556}") = "WebApiCore20.Tests", "WebApiCore20.Tests\WebApiCore20.Tests.csproj", "{4CACA7BB-E806-4660-BCFB-0F920BE7FAE0}"
EndProject
Project("{FAE04EC0-301F-11D3-BF4B-00C04F79EFBC}") = "IdentityServer", "IdentityServer\IdentityServer.csproj", "{7868BC94-1228-4CDB-8D0E-06E23AF74F52}"
EndProject
Project("{FAE04EC0-301F-11D3-BF4B-00C04F79EFBC}") = "Client", "Client\Client.csproj", "{E7C7ECC7-E23C-404E-94D2-19D8C1E34274}"
EndProject
Global
	GlobalSection(SolutionConfigurationPlatforms) = preSolution
		Debug|Any CPU = Debug|Any CPU
		Release|Any CPU = Release|Any CPU
	EndGlobalSection
	GlobalSection(ProjectConfigurationPlatforms) = postSolution
		{D9BAFAF8-DEBF-4070-B05D-DF026A34A613}.Debug|Any CPU.ActiveCfg = Debug|Any CPU
		{D9BAFAF8-DEBF-4070-B05D-DF026A34A613}.Debug|Any CPU.Build.0 = Debug|Any CPU
		{D9BAFAF8-DEBF-4070-B05D-DF026A34A613}.Release|Any CPU.ActiveCfg = Release|Any CPU
		{D9BAFAF8-DEBF-4070-B05D-DF026A34A613}.Release|Any CPU.Build.0 = Release|Any CPU
		{4CACA7BB-E806-4660-BCFB-0F920BE7FAE0}.Debug|Any CPU.ActiveCfg = Debug|Any CPU
		{4CACA7BB-E806-4660-BCFB-0F920BE7FAE0}.Debug|Any CPU.Build.0 = Debug|Any CPU
		{4CACA7BB-E806-4660-BCFB-0F920BE7FAE0}.Release|Any CPU.ActiveCfg = Release|Any CPU
		{4CACA7BB-E806-4660-BCFB-0F920BE7FAE0}.Release|Any CPU.Build.0 = Release|Any CPU
		{7868BC94-1228-4CDB-8D0E-06E23AF74F52}.Debug|Any CPU.ActiveCfg = Debug|Any CPU
		{7868BC94-1228-4CDB-8D0E-06E23AF74F52}.Debug|Any CPU.Build.0 = Debug|Any CPU
		{7868BC94-1228-4CDB-8D0E-06E23AF74F52}.Release|Any CPU.ActiveCfg = Release|Any CPU
		{7868BC94-1228-4CDB-8D0E-06E23AF74F52}.Release|Any CPU.Build.0 = Release|Any CPU
		{E7C7ECC7-E23C-404E-94D2-19D8C1E34274}.Debug|Any CPU.ActiveCfg = Debug|Any CPU
		{E7C7ECC7-E23C-404E-94D2-19D8C1E34274}.Debug|Any CPU.Build.0 = Debug|Any CPU
		{E7C7ECC7-E23C-404E-94D2-19D8C1E34274}.Release|Any CPU.ActiveCfg = Release|Any CPU
		{E7C7ECC7-E23C-404E-94D2-19D8C1E34274}.Release|Any CPU.Build.0 = Release|Any CPU
	EndGlobalSection
	GlobalSection(SolutionProperties) = preSolution
		HideSolutionNode = FALSE
	EndGlobalSection
	GlobalSection(ExtensibilityGlobals) = postSolution
		SolutionGuid = {7A0364F5-70CF-47BE-9DF7-F4C9300E5108}
	EndGlobalSection
EndGlobal
