
Microsoft Visual Studio Solution File, Format Version 12.00
# Visual Studio 15
VisualStudioVersion = 15.0.27130.0
MinimumVisualStudioVersion = 10.0.40219.1
Project("{FAE04EC0-301F-11D3-BF4B-00C04F79EFBC}") = "WebApiCore20", "WebApiCore20\WebApiCore20.csproj", "{D9BAFAF8-DEBF-4070-B05D-DF026A34A613}"
EndProject
Project("{FAE04EC0-301F-11D3-BF4B-00C04F79EFBC}") = "WebApiCore20.Tests", "WebApiCore20.Tests\WebApiCore20.Tests.csproj", "{4CACA7BB-E806-4660-BCFB-0F920BE7FAE0}"
EndProject
Global
	GlobalSection(SolutionConfigurationPlatforms) = preSolution
		Debug|Any CPU = Debug|Any CPU
		Release|Any CPU = Release|Any CPU
	EndGlobalSection
	GlobalSection(ProjectConfigurationPlatforms) = postSolution
		{D9BAFAF8-DEBF-4070-B05D-DF026A34A613}.Debug|Any CPU.ActiveCfg = Debug|Any CPU
		{D9BAFAF8-DEBF-4070-B05D-DF026A34A613}.Debug|Any CPU.Build.0 = Debug|Any CPU
		{D9BAFAF8-DEBF-4070-B05D-DF026A34A613}.Release|Any CPU.ActiveCfg = Release|Any CPU
		{D9BAFAF8-DEBF-4070-B05D-DF026A34A613}.Release|Any CPU.Build.0 = Release|Any CPU
		{4CACA7BB-E806-4660-BCFB-0F920BE7FAE0}.Debug|Any CPU.ActiveCfg = Debug|Any CPU
		{4CACA7BB-E806-4660-BCFB-0F920BE7FAE0}.Debug|Any CPU.Build.0 = Debug|Any CPU
		{4CACA7BB-E806-4660-BCFB-0F920BE7FAE0}.Release|Any CPU.ActiveCfg = Release|Any CPU
		{4CACA7BB-E806-4660-BCFB-0F920BE7FAE0}.Release|Any CPU.Build.0 = Release|Any CPU
	EndGlobalSection
	GlobalSection(SolutionProperties) = preSolution
		HideSolutionNode = FALSE
	EndGlobalSection
	GlobalSection(ExtensibilityGlobals) = postSolution
		SolutionGuid = {7A0364F5-70CF-47BE-9DF7-F4C9300E5108}
	EndGlobalSection
EndGlobal
